
Microsoft Visual Studio Solution File, Format Version 12.00
# Visual Studio Version 17
VisualStudioVersion = 17.3.32819.101
MinimumVisualStudioVersion = 10.0.40219.1
Project("{9A19103F-16F7-4668-BE54-9A1E7A4F7556}") = "ReHackt.Extensions.Options.Validation", "ReHackt.Extensions.Options.Validation.csproj", "{E7A43A9A-A229-4218-AB1C-352DB558DE77}"
EndProject
Global
	GlobalSection(SolutionConfigurationPlatforms) = preSolution
		Debug|Any CPU = Debug|Any CPU
		Release|Any CPU = Release|Any CPU
	EndGlobalSection
	GlobalSection(ProjectConfigurationPlatforms) = postSolution
		{E7A43A9A-A229-4218-AB1C-352DB558DE77}.Debug|Any CPU.ActiveCfg = Debug|Any CPU
		{E7A43A9A-A229-4218-AB1C-352DB558DE77}.Debug|Any CPU.Build.0 = Debug|Any CPU
		{E7A43A9A-A229-4218-AB1C-352DB558DE77}.Release|Any CPU.ActiveCfg = Release|Any CPU
		{E7A43A9A-A229-4218-AB1C-352DB558DE77}.Release|Any CPU.Build.0 = Release|Any CPU
	EndGlobalSection
	GlobalSection(SolutionProperties) = preSolution
		HideSolutionNode = FALSE
	EndGlobalSection
	GlobalSection(ExtensibilityGlobals) = postSolution
		SolutionGuid = {FE48811F-C2EE-449B-B0AB-711A871AD858}
	EndGlobalSection
EndGlobal
